
Microsoft Visual Studio Solution File, Format Version 10.00
# Visual Studio 2008
Project("{FAE04EC0-301F-11D3-BF4B-00C04F79EFBC}") = "StatLight.Core", "StatLight.Core\StatLight.Core.csproj", "{AA6F387F-BB41-4FA8-B38A-7037A7C59716}"
	ProjectSection(ProjectDependencies) = postProject
		{163315C4-D4D6-4342-B386-F6D80975CF95} = {163315C4-D4D6-4342-B386-F6D80975CF95}
	EndProjectSection
EndProject
Project("{FAE04EC0-301F-11D3-BF4B-00C04F79EFBC}") = "StatLight.Core.Tests", "StatLight.Core.Tests\StatLight.Core.Tests.csproj", "{CC69A75A-84FA-4B17-B5D0-97DC1930A6C7}"
EndProject
Project("{FAE04EC0-301F-11D3-BF4B-00C04F79EFBC}") = "StatLight.Client.Silverlight", "StatLight.Client.Silverlight\StatLight.Client.Silverlight.csproj", "{163315C4-D4D6-4342-B386-F6D80975CF95}"
EndProject
Project("{FAE04EC0-301F-11D3-BF4B-00C04F79EFBC}") = "StatLight.Console", "Statlight.Console\StatLight.Console.csproj", "{930EED4B-3D52-42A2-BE34-D4AF4C50C1BD}"
EndProject
Project("{FAE04EC0-301F-11D3-BF4B-00C04F79EFBC}") = "StatLight.Client.Silverlight.Tests", "StatLight.Client.Silverlight.Tests\StatLight.Client.Silverlight.Tests.csproj", "{CDC6A5B3-5AED-489A-9CD2-4B8C528301B8}"
EndProject
Project("{FAE04EC0-301F-11D3-BF4B-00C04F79EFBC}") = "StatLight.IntegrationTests", "StatLight.IntegrationTests\StatLight.IntegrationTests.csproj", "{B4460341-8AA6-4D93-8166-92865623D86C}"
	ProjectSection(ProjectDependencies) = postProject
		{4F977BD5-0E15-4871-A24E-E42CDEFDDCB4} = {4F977BD5-0E15-4871-A24E-E42CDEFDDCB4}
	EndProjectSection
EndProject
Project("{FAE04EC0-301F-11D3-BF4B-00C04F79EFBC}") = "StatLight.IntegrationTests.Silverlight", "StatLight.IntegrationTests.Silverlight\StatLight.IntegrationTests.Silverlight.csproj", "{4F977BD5-0E15-4871-A24E-E42CDEFDDCB4}"
EndProject
Project("{2150E333-8FDC-42A3-9474-1A3956D46DE8}") = "TestingFrameworkAdapters", "TestingFrameworkAdapters", "{C5EF924B-9CE6-4C66-9E8A-1D1FA91E270C}"
EndProject
Project("{FAE04EC0-301F-11D3-BF4B-00C04F79EFBC}") = "XunitLight.Silverlight", "TestingFrameworkAdapters\XunitLight.Silverlight\XunitLight\XunitLight.Silverlight.csproj", "{9D2235D5-17C0-49F8-A3F8-FE3FBFA06564}"
EndProject
Project("{FAE04EC0-301F-11D3-BF4B-00C04F79EFBC}") = "XunitLight.Silverlight.Sample", "TestingFrameworkAdapters\XunitLight.Silverlight\TestSample\XunitLight.Silverlight.Sample.csproj", "{1FFD7EF2-0F8E-41FF-89DF-8D884D80F510}"
EndProject
Project("{FAE04EC0-301F-11D3-BF4B-00C04F79EFBC}") = "StatLight.IntegrationTests.Silverlight.Xunit", "StatLight.IntegrationTests.Silverlight.Xunit\StatLight.IntegrationTests.Silverlight.Xunit.csproj", "{6FBC8BF8-9DDF-4D25-8937-601A29ECA11B}"
EndProject
Project("{FAE04EC0-301F-11D3-BF4B-00C04F79EFBC}") = "StatLight.IntegrationTests.Silverlight.NUnit", "StatLight.IntegrationTests.Silverlight.NUnit\StatLight.IntegrationTests.Silverlight.NUnit.csproj", "{AF84F8F6-7089-4B49-8176-2A35FAA928BC}"
EndProject
Project("{FAE04EC0-301F-11D3-BF4B-00C04F79EFBC}") = "StatLight.IntegrationTests.Silverlight.MSTest", "StatLight.IntegrationTests.Silverlight.MSTest\StatLight.IntegrationTests.Silverlight.MSTest.csproj", "{BA085B1C-F2B7-46C5-9AF7-8A242E56D90F}"
EndProject
Project("{2150E333-8FDC-42A3-9474-1A3956D46DE8}") = "IntegrationTests", "IntegrationTests", "{CBFFC0A9-9D77-443F-84FB-831A1C368EA0}"
EndProject
Project("{FAE04EC0-301F-11D3-BF4B-00C04F79EFBC}") = "StatLight.IntegrationTests.Silverlight.UnitDriven", "StatLight.IntegrationTests.Silverlight.UnitDriven\StatLight.IntegrationTests.Silverlight.UnitDriven.csproj", "{6DC93A95-7B8E-4D2E-BFB7-E2D3BCE089C8}"
EndProject
Global
	GlobalSection(SolutionConfigurationPlatforms) = preSolution
		Debug|Any CPU = Debug|Any CPU
		Debug|x86 = Debug|x86
		Release|Any CPU = Release|Any CPU
		Release|x86 = Release|x86
	EndGlobalSection
	GlobalSection(ProjectConfigurationPlatforms) = postSolution
		{AA6F387F-BB41-4FA8-B38A-7037A7C59716}.Debug|Any CPU.ActiveCfg = Debug|Any CPU
		{AA6F387F-BB41-4FA8-B38A-7037A7C59716}.Debug|Any CPU.Build.0 = Debug|Any CPU
		{AA6F387F-BB41-4FA8-B38A-7037A7C59716}.Debug|x86.ActiveCfg = Debug|x86
		{AA6F387F-BB41-4FA8-B38A-7037A7C59716}.Debug|x86.Build.0 = Debug|x86
		{AA6F387F-BB41-4FA8-B38A-7037A7C59716}.Release|Any CPU.ActiveCfg = Release|x86
		{AA6F387F-BB41-4FA8-B38A-7037A7C59716}.Release|Any CPU.Build.0 = Release|x86
		{AA6F387F-BB41-4FA8-B38A-7037A7C59716}.Release|x86.ActiveCfg = Release|x86
		{AA6F387F-BB41-4FA8-B38A-7037A7C59716}.Release|x86.Build.0 = Release|x86
		{CC69A75A-84FA-4B17-B5D0-97DC1930A6C7}.Debug|Any CPU.ActiveCfg = Debug|Any CPU
		{CC69A75A-84FA-4B17-B5D0-97DC1930A6C7}.Debug|Any CPU.Build.0 = Debug|Any CPU
		{CC69A75A-84FA-4B17-B5D0-97DC1930A6C7}.Debug|x86.ActiveCfg = Debug|x86
		{CC69A75A-84FA-4B17-B5D0-97DC1930A6C7}.Debug|x86.Build.0 = Debug|x86
		{CC69A75A-84FA-4B17-B5D0-97DC1930A6C7}.Release|Any CPU.ActiveCfg = Release|x86
		{CC69A75A-84FA-4B17-B5D0-97DC1930A6C7}.Release|Any CPU.Build.0 = Release|x86
		{CC69A75A-84FA-4B17-B5D0-97DC1930A6C7}.Release|x86.ActiveCfg = Release|x86
		{CC69A75A-84FA-4B17-B5D0-97DC1930A6C7}.Release|x86.Build.0 = Release|x86
		{163315C4-D4D6-4342-B386-F6D80975CF95}.Debug|Any CPU.ActiveCfg = Debug|Any CPU
		{163315C4-D4D6-4342-B386-F6D80975CF95}.Debug|Any CPU.Build.0 = Debug|Any CPU
		{163315C4-D4D6-4342-B386-F6D80975CF95}.Debug|x86.ActiveCfg = Debug|Any CPU
		{163315C4-D4D6-4342-B386-F6D80975CF95}.Debug|x86.Build.0 = Debug|Any CPU
		{163315C4-D4D6-4342-B386-F6D80975CF95}.Release|Any CPU.ActiveCfg = Release|Any CPU
		{163315C4-D4D6-4342-B386-F6D80975CF95}.Release|Any CPU.Build.0 = Release|Any CPU
		{163315C4-D4D6-4342-B386-F6D80975CF95}.Release|x86.ActiveCfg = Release|Any CPU
		{163315C4-D4D6-4342-B386-F6D80975CF95}.Release|x86.Build.0 = Release|Any CPU
		{930EED4B-3D52-42A2-BE34-D4AF4C50C1BD}.Debug|Any CPU.ActiveCfg = Debug|Any CPU
		{930EED4B-3D52-42A2-BE34-D4AF4C50C1BD}.Debug|Any CPU.Build.0 = Debug|Any CPU
		{930EED4B-3D52-42A2-BE34-D4AF4C50C1BD}.Debug|x86.ActiveCfg = Debug|x86
		{930EED4B-3D52-42A2-BE34-D4AF4C50C1BD}.Debug|x86.Build.0 = Debug|x86
		{930EED4B-3D52-42A2-BE34-D4AF4C50C1BD}.Release|Any CPU.ActiveCfg = Release|x86
		{930EED4B-3D52-42A2-BE34-D4AF4C50C1BD}.Release|Any CPU.Build.0 = Release|x86
		{930EED4B-3D52-42A2-BE34-D4AF4C50C1BD}.Release|x86.ActiveCfg = Release|x86
		{930EED4B-3D52-42A2-BE34-D4AF4C50C1BD}.Release|x86.Build.0 = Release|x86
		{CDC6A5B3-5AED-489A-9CD2-4B8C528301B8}.Debug|Any CPU.ActiveCfg = Debug|Any CPU
		{CDC6A5B3-5AED-489A-9CD2-4B8C528301B8}.Debug|Any CPU.Build.0 = Debug|Any CPU
		{CDC6A5B3-5AED-489A-9CD2-4B8C528301B8}.Debug|x86.ActiveCfg = Debug|Any CPU
		{CDC6A5B3-5AED-489A-9CD2-4B8C528301B8}.Debug|x86.Build.0 = Debug|Any CPU
		{CDC6A5B3-5AED-489A-9CD2-4B8C528301B8}.Release|Any CPU.ActiveCfg = Release|Any CPU
		{CDC6A5B3-5AED-489A-9CD2-4B8C528301B8}.Release|Any CPU.Build.0 = Release|Any CPU
		{CDC6A5B3-5AED-489A-9CD2-4B8C528301B8}.Release|x86.ActiveCfg = Release|Any CPU
		{CDC6A5B3-5AED-489A-9CD2-4B8C528301B8}.Release|x86.Build.0 = Release|Any CPU
		{B4460341-8AA6-4D93-8166-92865623D86C}.Debug|Any CPU.ActiveCfg = Debug|Any CPU
		{B4460341-8AA6-4D93-8166-92865623D86C}.Debug|Any CPU.Build.0 = Debug|Any CPU
		{B4460341-8AA6-4D93-8166-92865623D86C}.Debug|x86.ActiveCfg = Debug|x86
		{B4460341-8AA6-4D93-8166-92865623D86C}.Debug|x86.Build.0 = Debug|x86
		{B4460341-8AA6-4D93-8166-92865623D86C}.Release|Any CPU.ActiveCfg = Release|x86
		{B4460341-8AA6-4D93-8166-92865623D86C}.Release|Any CPU.Build.0 = Release|x86
		{B4460341-8AA6-4D93-8166-92865623D86C}.Release|x86.ActiveCfg = Release|x86
		{B4460341-8AA6-4D93-8166-92865623D86C}.Release|x86.Build.0 = Release|x86
		{4F977BD5-0E15-4871-A24E-E42CDEFDDCB4}.Debug|Any CPU.ActiveCfg = Debug|Any CPU
		{4F977BD5-0E15-4871-A24E-E42CDEFDDCB4}.Debug|Any CPU.Build.0 = Debug|Any CPU
		{4F977BD5-0E15-4871-A24E-E42CDEFDDCB4}.Debug|x86.ActiveCfg = Debug|Any CPU
		{4F977BD5-0E15-4871-A24E-E42CDEFDDCB4}.Debug|x86.Build.0 = Debug|Any CPU
		{4F977BD5-0E15-4871-A24E-E42CDEFDDCB4}.Release|Any CPU.ActiveCfg = Release|Any CPU
		{4F977BD5-0E15-4871-A24E-E42CDEFDDCB4}.Release|Any CPU.Build.0 = Release|Any CPU
		{4F977BD5-0E15-4871-A24E-E42CDEFDDCB4}.Release|x86.ActiveCfg = Release|Any CPU
		{4F977BD5-0E15-4871-A24E-E42CDEFDDCB4}.Release|x86.Build.0 = Release|Any CPU
		{9D2235D5-17C0-49F8-A3F8-FE3FBFA06564}.Debug|Any CPU.ActiveCfg = Debug|Any CPU
		{9D2235D5-17C0-49F8-A3F8-FE3FBFA06564}.Debug|Any CPU.Build.0 = Debug|Any CPU
		{9D2235D5-17C0-49F8-A3F8-FE3FBFA06564}.Debug|x86.ActiveCfg = Debug|Any CPU
		{9D2235D5-17C0-49F8-A3F8-FE3FBFA06564}.Debug|x86.Build.0 = Debug|Any CPU
		{9D2235D5-17C0-49F8-A3F8-FE3FBFA06564}.Release|Any CPU.ActiveCfg = Release|Any CPU
		{9D2235D5-17C0-49F8-A3F8-FE3FBFA06564}.Release|Any CPU.Build.0 = Release|Any CPU
		{9D2235D5-17C0-49F8-A3F8-FE3FBFA06564}.Release|x86.ActiveCfg = Release|Any CPU
		{9D2235D5-17C0-49F8-A3F8-FE3FBFA06564}.Release|x86.Build.0 = Release|Any CPU
		{1FFD7EF2-0F8E-41FF-89DF-8D884D80F510}.Debug|Any CPU.ActiveCfg = Debug|Any CPU
		{1FFD7EF2-0F8E-41FF-89DF-8D884D80F510}.Debug|Any CPU.Build.0 = Debug|Any CPU
		{1FFD7EF2-0F8E-41FF-89DF-8D884D80F510}.Debug|x86.ActiveCfg = Debug|Any CPU
		{1FFD7EF2-0F8E-41FF-89DF-8D884D80F510}.Debug|x86.Build.0 = Debug|Any CPU
		{1FFD7EF2-0F8E-41FF-89DF-8D884D80F510}.Release|Any CPU.ActiveCfg = Release|Any CPU
		{1FFD7EF2-0F8E-41FF-89DF-8D884D80F510}.Release|Any CPU.Build.0 = Release|Any CPU
		{1FFD7EF2-0F8E-41FF-89DF-8D884D80F510}.Release|x86.ActiveCfg = Release|Any CPU
		{1FFD7EF2-0F8E-41FF-89DF-8D884D80F510}.Release|x86.Build.0 = Release|Any CPU
		{6FBC8BF8-9DDF-4D25-8937-601A29ECA11B}.Debug|Any CPU.ActiveCfg = Debug|Any CPU
		{6FBC8BF8-9DDF-4D25-8937-601A29ECA11B}.Debug|Any CPU.Build.0 = Debug|Any CPU
		{6FBC8BF8-9DDF-4D25-8937-601A29ECA11B}.Debug|x86.ActiveCfg = Debug|Any CPU
		{6FBC8BF8-9DDF-4D25-8937-601A29ECA11B}.Debug|x86.Build.0 = Debug|Any CPU
		{6FBC8BF8-9DDF-4D25-8937-601A29ECA11B}.Release|Any CPU.ActiveCfg = Release|Any CPU
		{6FBC8BF8-9DDF-4D25-8937-601A29ECA11B}.Release|Any CPU.Build.0 = Release|Any CPU
		{6FBC8BF8-9DDF-4D25-8937-601A29ECA11B}.Release|x86.ActiveCfg = Release|Any CPU
		{6FBC8BF8-9DDF-4D25-8937-601A29ECA11B}.Release|x86.Build.0 = Release|Any CPU
		{AF84F8F6-7089-4B49-8176-2A35FAA928BC}.Debug|Any CPU.ActiveCfg = Debug|Any CPU
		{AF84F8F6-7089-4B49-8176-2A35FAA928BC}.Debug|Any CPU.Build.0 = Debug|Any CPU
		{AF84F8F6-7089-4B49-8176-2A35FAA928BC}.Debug|x86.ActiveCfg = Debug|Any CPU
		{AF84F8F6-7089-4B49-8176-2A35FAA928BC}.Debug|x86.Build.0 = Debug|Any CPU
		{AF84F8F6-7089-4B49-8176-2A35FAA928BC}.Release|Any CPU.ActiveCfg = Release|Any CPU
		{AF84F8F6-7089-4B49-8176-2A35FAA928BC}.Release|Any CPU.Build.0 = Release|Any CPU
		{AF84F8F6-7089-4B49-8176-2A35FAA928BC}.Release|x86.ActiveCfg = Release|Any CPU
		{AF84F8F6-7089-4B49-8176-2A35FAA928BC}.Release|x86.Build.0 = Release|Any CPU
		{BA085B1C-F2B7-46C5-9AF7-8A242E56D90F}.Debug|Any CPU.ActiveCfg = Debug|Any CPU
		{BA085B1C-F2B7-46C5-9AF7-8A242E56D90F}.Debug|Any CPU.Build.0 = Debug|Any CPU
		{BA085B1C-F2B7-46C5-9AF7-8A242E56D90F}.Debug|x86.ActiveCfg = Debug|Any CPU
		{BA085B1C-F2B7-46C5-9AF7-8A242E56D90F}.Debug|x86.Build.0 = Debug|Any CPU
		{BA085B1C-F2B7-46C5-9AF7-8A242E56D90F}.Release|Any CPU.ActiveCfg = Release|Any CPU
		{BA085B1C-F2B7-46C5-9AF7-8A242E56D90F}.Release|Any CPU.Build.0 = Release|Any CPU
		{BA085B1C-F2B7-46C5-9AF7-8A242E56D90F}.Release|x86.ActiveCfg = Release|Any CPU
		{BA085B1C-F2B7-46C5-9AF7-8A242E56D90F}.Release|x86.Build.0 = Release|Any CPU
		{6DC93A95-7B8E-4D2E-BFB7-E2D3BCE089C8}.Debug|Any CPU.ActiveCfg = Debug|Any CPU
		{6DC93A95-7B8E-4D2E-BFB7-E2D3BCE089C8}.Debug|Any CPU.Build.0 = Debug|Any CPU
		{6DC93A95-7B8E-4D2E-BFB7-E2D3BCE089C8}.Debug|x86.ActiveCfg = Debug|Any CPU
		{6DC93A95-7B8E-4D2E-BFB7-E2D3BCE089C8}.Release|Any CPU.ActiveCfg = Release|Any CPU
		{6DC93A95-7B8E-4D2E-BFB7-E2D3BCE089C8}.Release|Any CPU.Build.0 = Release|Any CPU
		{6DC93A95-7B8E-4D2E-BFB7-E2D3BCE089C8}.Release|x86.ActiveCfg = Release|Any CPU
	EndGlobalSection
	GlobalSection(SolutionProperties) = preSolution
		HideSolutionNode = FALSE
	EndGlobalSection
	GlobalSection(NestedProjects) = preSolution
		{4F977BD5-0E15-4871-A24E-E42CDEFDDCB4} = {CBFFC0A9-9D77-443F-84FB-831A1C368EA0}
		{6FBC8BF8-9DDF-4D25-8937-601A29ECA11B} = {CBFFC0A9-9D77-443F-84FB-831A1C368EA0}
		{AF84F8F6-7089-4B49-8176-2A35FAA928BC} = {CBFFC0A9-9D77-443F-84FB-831A1C368EA0}
		{BA085B1C-F2B7-46C5-9AF7-8A242E56D90F} = {CBFFC0A9-9D77-443F-84FB-831A1C368EA0}
		{B4460341-8AA6-4D93-8166-92865623D86C} = {CBFFC0A9-9D77-443F-84FB-831A1C368EA0}
		{6DC93A95-7B8E-4D2E-BFB7-E2D3BCE089C8} = {CBFFC0A9-9D77-443F-84FB-831A1C368EA0}
		{9D2235D5-17C0-49F8-A3F8-FE3FBFA06564} = {C5EF924B-9CE6-4C66-9E8A-1D1FA91E270C}
		{1FFD7EF2-0F8E-41FF-89DF-8D884D80F510} = {C5EF924B-9CE6-4C66-9E8A-1D1FA91E270C}
	EndGlobalSection
EndGlobal
