
Microsoft Visual Studio Solution File, Format Version 11.00
# Visual Studio 2010
Project("{2150E333-8FDC-42A3-9474-1A3956D46DE8}") = "TestingFrameworkAdapters", "TestingFrameworkAdapters", "{C5EF924B-9CE6-4C66-9E8A-1D1FA91E270C}"
EndProject
Project("{2150E333-8FDC-42A3-9474-1A3956D46DE8}") = "IntegrationTests", "IntegrationTests", "{CBFFC0A9-9D77-443F-84FB-831A1C368EA0}"
EndProject
Project("{FAE04EC0-301F-11D3-BF4B-00C04F79EFBC}") = "StatLight.Core", "StatLight.Core\StatLight.Core.csproj", "{AA6F387F-BB41-4FA8-B38A-7037A7C59716}"
	ProjectSection(ProjectDependencies) = postProject
		{163315C4-D4D6-4342-B386-F6D80975CF95} = {163315C4-D4D6-4342-B386-F6D80975CF95}
	EndProjectSection
EndProject
Project("{FAE04EC0-301F-11D3-BF4B-00C04F79EFBC}") = "StatLight.Core.Tests", "StatLight.Core.Tests\StatLight.Core.Tests.csproj", "{CC69A75A-84FA-4B17-B5D0-97DC1930A6C7}"
EndProject
Project("{FAE04EC0-301F-11D3-BF4B-00C04F79EFBC}") = "StatLight.Client.Harness", "StatLight.Client.Harness\StatLight.Client.Harness.csproj", "{163315C4-D4D6-4342-B386-F6D80975CF95}"
EndProject
Project("{FAE04EC0-301F-11D3-BF4B-00C04F79EFBC}") = "StatLight.Console", "Statlight.Console\StatLight.Console.csproj", "{930EED4B-3D52-42A2-BE34-D4AF4C50C1BD}"
EndProject
Project("{FAE04EC0-301F-11D3-BF4B-00C04F79EFBC}") = "StatLight.Client.Tests", "StatLight.Client.Tests\StatLight.Client.Tests.csproj", "{CDC6A5B3-5AED-489A-9CD2-4B8C528301B8}"
EndProject
Project("{FAE04EC0-301F-11D3-BF4B-00C04F79EFBC}") = "StatLight.IntegrationTests", "IntegrationTests\StatLight.IntegrationTests\StatLight.IntegrationTests.csproj", "{B4460341-8AA6-4D93-8166-92865623D86C}"
	ProjectSection(ProjectDependencies) = postProject
		{C3AB121A-CCE6-4CE8-AD23-BA1ED7046E8D} = {C3AB121A-CCE6-4CE8-AD23-BA1ED7046E8D}
		{BA085B1C-F2B7-46C5-9AF7-8A242E56D90F} = {BA085B1C-F2B7-46C5-9AF7-8A242E56D90F}
		{D563A469-E386-42AF-A66E-99AC16B3C494} = {D563A469-E386-42AF-A66E-99AC16B3C494}
		{6DC93A95-7B8E-4D2E-BFB7-E2D3BCE089C8} = {6DC93A95-7B8E-4D2E-BFB7-E2D3BCE089C8}
		{4F977BD5-0E15-4871-A24E-E42CDEFDDCB4} = {4F977BD5-0E15-4871-A24E-E42CDEFDDCB4}
		{5E3C80DC-00B7-40D3-93DE-C1F56E5673F5} = {5E3C80DC-00B7-40D3-93DE-C1F56E5673F5}
		{AF84F8F6-7089-4B49-8176-2A35FAA928BC} = {AF84F8F6-7089-4B49-8176-2A35FAA928BC}
		{6FBC8BF8-9DDF-4D25-8937-601A29ECA11B} = {6FBC8BF8-9DDF-4D25-8937-601A29ECA11B}
	EndProjectSection
EndProject
Project("{FAE04EC0-301F-11D3-BF4B-00C04F79EFBC}") = "StatLight.IntegrationTests.Silverlight", "IntegrationTests\StatLight.IntegrationTests.Silverlight\StatLight.IntegrationTests.Silverlight.csproj", "{4F977BD5-0E15-4871-A24E-E42CDEFDDCB4}"
EndProject
Project("{FAE04EC0-301F-11D3-BF4B-00C04F79EFBC}") = "XunitLight.Silverlight", "TestingFrameworkAdapters\XunitLight.Silverlight\XunitLight\XunitLight.Silverlight.csproj", "{9D2235D5-17C0-49F8-A3F8-FE3FBFA06564}"
EndProject
Project("{FAE04EC0-301F-11D3-BF4B-00C04F79EFBC}") = "XunitLight.Silverlight.Sample", "TestingFrameworkAdapters\XunitLight.Silverlight\TestSample\XunitLight.Silverlight.Sample.csproj", "{1FFD7EF2-0F8E-41FF-89DF-8D884D80F510}"
EndProject
Project("{FAE04EC0-301F-11D3-BF4B-00C04F79EFBC}") = "StatLight.IntegrationTests.Silverlight.NUnit", "IntegrationTests\StatLight.IntegrationTests.Silverlight.NUnit\StatLight.IntegrationTests.Silverlight.NUnit.csproj", "{AF84F8F6-7089-4B49-8176-2A35FAA928BC}"
EndProject
Project("{FAE04EC0-301F-11D3-BF4B-00C04F79EFBC}") = "StatLight.IntegrationTests.Silverlight.MSTest-SL4", "IntegrationTests\StatLight.IntegrationTests.Silverlight.MSTest\StatLight.IntegrationTests.Silverlight.MSTest-SL4.csproj", "{BA085B1C-F2B7-46C5-9AF7-8A242E56D90F}"
EndProject
Project("{FAE04EC0-301F-11D3-BF4B-00C04F79EFBC}") = "StatLight.IntegrationTests.Silverlight.UnitDriven", "IntegrationTests\StatLight.IntegrationTests.Silverlight.UnitDriven\StatLight.IntegrationTests.Silverlight.UnitDriven.csproj", "{6DC93A95-7B8E-4D2E-BFB7-E2D3BCE089C8}"
EndProject
Project("{FAE04EC0-301F-11D3-BF4B-00C04F79EFBC}") = "StatLight.IntegrationTests.Silverlight.OtherTestAssembly", "IntegrationTests\StatLight.IntegrationTests.Silverlight.OtherTestAssembly\StatLight.IntegrationTests.Silverlight.OtherTestAssembly.csproj", "{E99066B4-F2FC-469D-B427-CA1793BB0B23}"
EndProject
Project("{FAE04EC0-301F-11D3-BF4B-00C04F79EFBC}") = "StatLight.Client.Harness.MSTest", "StatLight.Client.Harness.MSTest\StatLight.Client.Harness.MSTest.csproj", "{F7099E4C-164F-4AAC-8D65-EB40B0F9143E}"
EndProject
Project("{FAE04EC0-301F-11D3-BF4B-00C04F79EFBC}") = "StatLight.Client.Harness.UnitDriven", "StatLight.Client.Harness.UnitDriven\StatLight.Client.Harness.UnitDriven.csproj", "{4B60E359-F5BF-4DC6-B039-2D9842965BA6}"
	ProjectSection(ProjectDependencies) = postProject
		{AA6F387F-BB41-4FA8-B38A-7037A7C59716} = {AA6F387F-BB41-4FA8-B38A-7037A7C59716}
	EndProjectSection
EndProject
Project("{FAE04EC0-301F-11D3-BF4B-00C04F79EFBC}") = "StatLight.IntegrationTests.Silverlight.LotsOfTests", "IntegrationTests\StatLight.IntegrationTests.Silverlight.LotsOfTests\StatLight.IntegrationTests.Silverlight.LotsOfTests.csproj", "{6454A8DE-C1E8-4A34-86B0-89E364861BAC}"
EndProject
Project("{FAE04EC0-301F-11D3-BF4B-00C04F79EFBC}") = "StatLight.IntegrationTests.OutOfBrowser", "IntegrationTests\StatLight.IntegrationTests.OutOfBrowser\StatLight.IntegrationTests.OutOfBrowser.csproj", "{CB2B6883-2461-4115-848C-DA79D20A3E0A}"
EndProject
Project("{2150E333-8FDC-42A3-9474-1A3956D46DE8}") = "RemoteIntegration", "RemoteIntegration", "{0FB6602A-EF21-4A26-8A65-E1C9A01F206E}"
EndProject
Project("{FAE04EC0-301F-11D3-BF4B-00C04F79EFBC}") = "StatLight.RemoteIntegration.Web", "IntegrationTests\StatLight.RemoteIntegration\StatLight.RemoteIntegration.Web\StatLight.RemoteIntegration.Web.csproj", "{A07358D6-3088-45D6-98E9-A1E17A95A8B3}"
EndProject
Project("{FAE04EC0-301F-11D3-BF4B-00C04F79EFBC}") = "StatLight.ExternalWebTest", "IntegrationTests\StatLight.RemoteIntegration\StatLight.ExternalWebTest\StatLight.ExternalWebTest.csproj", "{8281421C-D572-4817-BBD2-796A8DB2B2E0}"
	ProjectSection(ProjectDependencies) = postProject
		{A07358D6-3088-45D6-98E9-A1E17A95A8B3} = {A07358D6-3088-45D6-98E9-A1E17A95A8B3}
	EndProjectSection
EndProject
Project("{2150E333-8FDC-42A3-9474-1A3956D46DE8}") = "Samples", "Samples", "{CBBFE51F-1DDC-43CC-B78B-FDF51A1119F8}"
EndProject
Project("{FAE04EC0-301F-11D3-BF4B-00C04F79EFBC}") = "SampleExtension", "Samples\SampleExtension\SampleExtension.csproj", "{C4BBAD1C-DE96-402E-961F-A0FE2A37E07D}"
	ProjectSection(ProjectDependencies) = postProject
		{AA6F387F-BB41-4FA8-B38A-7037A7C59716} = {AA6F387F-BB41-4FA8-B38A-7037A7C59716}
	EndProjectSection
EndProject
Project("{FAE04EC0-301F-11D3-BF4B-00C04F79EFBC}") = "StatLight.RemoteIntegration", "IntegrationTests\StatLight.RemoteIntegration\StatLight.RemoteIntegration\StatLight.RemoteIntegration.csproj", "{348760C9-0276-4574-9BBD-EAE8F20E4AD3}"
EndProject
Project("{FAE04EC0-301F-11D3-BF4B-00C04F79EFBC}") = "StatLight.IntegrationTests.Silverlight.xUnitContrib", "IntegrationTests\StatLight.IntegrationTests.Silverlight.xUnitContrib\StatLight.IntegrationTests.Silverlight.xUnitContrib.csproj", "{40538134-161C-43F3-95E5-19F65D785E5F}"
EndProject
Project("{FAE04EC0-301F-11D3-BF4B-00C04F79EFBC}") = "StatLight.IntegrationTests.Silverlight.MSTest.UITests", "IntegrationTests\StatLight.IntegrationTests.Silverlight.MSTest.UITests\StatLight.IntegrationTests.Silverlight.MSTest.UITests.csproj", "{AA0B1C80-97AE-49F5-8310-5A7683BE47BF}"
EndProject
Project("{FAE04EC0-301F-11D3-BF4B-00C04F79EFBC}") = "StatLight.IntegrationTests.Silverlight.CustomTestProvider", "IntegrationTests\StatLight.IntegrationTests.Silverlight.CustomTestProvider\StatLight.IntegrationTests.Silverlight.CustomTestProvider.csproj", "{36D8CEA4-99BE-47E1-9687-3D4271CEA1DD}"
EndProject
Project("{FAE04EC0-301F-11D3-BF4B-00C04F79EFBC}") = "StatLight.Client.Harness.XUnit", "Statlight.Client.Harness.XUnit\StatLight.Client.Harness.XUnit.csproj", "{DD59BD02-C78A-4BBB-A67C-CE3999692282}"
EndProject
Project("{FAE04EC0-301F-11D3-BF4B-00C04F79EFBC}") = "StatLight.IntegrationTests.Silverlight.XunitLight", "IntegrationTests\StatLight.IntegrationTests.Silverlight.XunitLight\StatLight.IntegrationTests.Silverlight.XunitLight.csproj", "{6FBC8BF8-9DDF-4D25-8937-601A29ECA11B}"
EndProject
Project("{FAE04EC0-301F-11D3-BF4B-00C04F79EFBC}") = "StatLight.IntegrationTests.Silverlight.Xunit", "IntegrationTests\StatLight.IntegrationTests.Silverlight.Xunit\StatLight.IntegrationTests.Silverlight.Xunit.csproj", "{C3AB121A-CCE6-4CE8-AD23-BA1ED7046E8D}"
EndProject
Project("{FAE04EC0-301F-11D3-BF4B-00C04F79EFBC}") = "StatLight.IntegrationTests.Silverlight.MSTest-SL3", "IntegrationTests\StatLight.IntegrationTests.Silverlight.MSTest\StatLight.IntegrationTests.Silverlight.MSTest-SL3.csproj", "{5E3C80DC-00B7-40D3-93DE-C1F56E5673F5}"
EndProject
Project("{FAE04EC0-301F-11D3-BF4B-00C04F79EFBC}") = "StatLight.IntegrationTests.Silverlight.NoRefToMicrosoftSLTesting", "IntegrationTests\StatLight.IntegrationTests.Silverlight.NoRefToMicrosoftSLTesting\StatLight.IntegrationTests.Silverlight.NoRefToMicrosoftSLTesting.csproj", "{406BE1DE-C4D3-4CDD-9E1A-AD425F81AB9F}"
EndProject
Project("{FAE04EC0-301F-11D3-BF4B-00C04F79EFBC}") = "StatLight.IntegrationTests.Silverlight.MSTest-SL5", "IntegrationTests\StatLight.IntegrationTests.Silverlight.MSTest\StatLight.IntegrationTests.Silverlight.MSTest-SL5.csproj", "{D563A469-E386-42AF-A66E-99AC16B3C494}"
EndProject
Global
	GlobalSection(SolutionConfigurationPlatforms) = preSolution
		Debug|Any CPU = Debug|Any CPU
		Debug|x86 = Debug|x86
		Release|Any CPU = Release|Any CPU
		Release|x86 = Release|x86
	EndGlobalSection
	GlobalSection(ProjectConfigurationPlatforms) = postSolution
		{AA6F387F-BB41-4FA8-B38A-7037A7C59716}.Debug|Any CPU.ActiveCfg = Debug|Any CPU
		{AA6F387F-BB41-4FA8-B38A-7037A7C59716}.Debug|Any CPU.Build.0 = Debug|Any CPU
		{AA6F387F-BB41-4FA8-B38A-7037A7C59716}.Debug|x86.ActiveCfg = Debug|x86
		{AA6F387F-BB41-4FA8-B38A-7037A7C59716}.Debug|x86.Build.0 = Debug|x86
		{AA6F387F-BB41-4FA8-B38A-7037A7C59716}.Release|Any CPU.ActiveCfg = Release|x86
		{AA6F387F-BB41-4FA8-B38A-7037A7C59716}.Release|Any CPU.Build.0 = Release|x86
		{AA6F387F-BB41-4FA8-B38A-7037A7C59716}.Release|x86.ActiveCfg = Release|x86
		{AA6F387F-BB41-4FA8-B38A-7037A7C59716}.Release|x86.Build.0 = Release|x86
		{CC69A75A-84FA-4B17-B5D0-97DC1930A6C7}.Debug|Any CPU.ActiveCfg = Debug|Any CPU
		{CC69A75A-84FA-4B17-B5D0-97DC1930A6C7}.Debug|Any CPU.Build.0 = Debug|Any CPU
		{CC69A75A-84FA-4B17-B5D0-97DC1930A6C7}.Debug|x86.ActiveCfg = Debug|x86
		{CC69A75A-84FA-4B17-B5D0-97DC1930A6C7}.Debug|x86.Build.0 = Debug|x86
		{CC69A75A-84FA-4B17-B5D0-97DC1930A6C7}.Release|Any CPU.ActiveCfg = Release|x86
		{CC69A75A-84FA-4B17-B5D0-97DC1930A6C7}.Release|Any CPU.Build.0 = Release|x86
		{CC69A75A-84FA-4B17-B5D0-97DC1930A6C7}.Release|x86.ActiveCfg = Release|x86
		{CC69A75A-84FA-4B17-B5D0-97DC1930A6C7}.Release|x86.Build.0 = Release|x86
		{163315C4-D4D6-4342-B386-F6D80975CF95}.Debug|Any CPU.ActiveCfg = Debug|Any CPU
		{163315C4-D4D6-4342-B386-F6D80975CF95}.Debug|Any CPU.Build.0 = Debug|Any CPU
		{163315C4-D4D6-4342-B386-F6D80975CF95}.Debug|x86.ActiveCfg = Debug|Any CPU
		{163315C4-D4D6-4342-B386-F6D80975CF95}.Debug|x86.Build.0 = Debug|Any CPU
		{163315C4-D4D6-4342-B386-F6D80975CF95}.Release|Any CPU.ActiveCfg = Release|Any CPU
		{163315C4-D4D6-4342-B386-F6D80975CF95}.Release|Any CPU.Build.0 = Release|Any CPU
		{163315C4-D4D6-4342-B386-F6D80975CF95}.Release|x86.ActiveCfg = Release|Any CPU
		{163315C4-D4D6-4342-B386-F6D80975CF95}.Release|x86.Build.0 = Release|Any CPU
		{930EED4B-3D52-42A2-BE34-D4AF4C50C1BD}.Debug|Any CPU.ActiveCfg = Debug|Any CPU
		{930EED4B-3D52-42A2-BE34-D4AF4C50C1BD}.Debug|Any CPU.Build.0 = Debug|Any CPU
		{930EED4B-3D52-42A2-BE34-D4AF4C50C1BD}.Debug|x86.ActiveCfg = Debug|x86
		{930EED4B-3D52-42A2-BE34-D4AF4C50C1BD}.Debug|x86.Build.0 = Debug|x86
		{930EED4B-3D52-42A2-BE34-D4AF4C50C1BD}.Release|Any CPU.ActiveCfg = Release|x86
		{930EED4B-3D52-42A2-BE34-D4AF4C50C1BD}.Release|Any CPU.Build.0 = Release|x86
		{930EED4B-3D52-42A2-BE34-D4AF4C50C1BD}.Release|x86.ActiveCfg = Release|x86
		{930EED4B-3D52-42A2-BE34-D4AF4C50C1BD}.Release|x86.Build.0 = Release|x86
		{CDC6A5B3-5AED-489A-9CD2-4B8C528301B8}.Debug|Any CPU.ActiveCfg = Debug|Any CPU
		{CDC6A5B3-5AED-489A-9CD2-4B8C528301B8}.Debug|Any CPU.Build.0 = Debug|Any CPU
		{CDC6A5B3-5AED-489A-9CD2-4B8C528301B8}.Debug|x86.ActiveCfg = Debug|Any CPU
		{CDC6A5B3-5AED-489A-9CD2-4B8C528301B8}.Debug|x86.Build.0 = Debug|Any CPU
		{CDC6A5B3-5AED-489A-9CD2-4B8C528301B8}.Release|Any CPU.ActiveCfg = Release|Any CPU
		{CDC6A5B3-5AED-489A-9CD2-4B8C528301B8}.Release|Any CPU.Build.0 = Release|Any CPU
		{CDC6A5B3-5AED-489A-9CD2-4B8C528301B8}.Release|x86.ActiveCfg = Release|Any CPU
		{CDC6A5B3-5AED-489A-9CD2-4B8C528301B8}.Release|x86.Build.0 = Release|Any CPU
		{B4460341-8AA6-4D93-8166-92865623D86C}.Debug|Any CPU.ActiveCfg = Debug|Any CPU
		{B4460341-8AA6-4D93-8166-92865623D86C}.Debug|Any CPU.Build.0 = Debug|Any CPU
		{B4460341-8AA6-4D93-8166-92865623D86C}.Debug|x86.ActiveCfg = Debug|x86
		{B4460341-8AA6-4D93-8166-92865623D86C}.Debug|x86.Build.0 = Debug|x86
		{B4460341-8AA6-4D93-8166-92865623D86C}.Release|Any CPU.ActiveCfg = Release|x86
		{B4460341-8AA6-4D93-8166-92865623D86C}.Release|Any CPU.Build.0 = Release|x86
		{B4460341-8AA6-4D93-8166-92865623D86C}.Release|x86.ActiveCfg = Release|x86
		{B4460341-8AA6-4D93-8166-92865623D86C}.Release|x86.Build.0 = Release|x86
		{4F977BD5-0E15-4871-A24E-E42CDEFDDCB4}.Debug|Any CPU.ActiveCfg = Debug|Any CPU
		{4F977BD5-0E15-4871-A24E-E42CDEFDDCB4}.Debug|Any CPU.Build.0 = Debug|Any CPU
		{4F977BD5-0E15-4871-A24E-E42CDEFDDCB4}.Debug|x86.ActiveCfg = Debug|Any CPU
		{4F977BD5-0E15-4871-A24E-E42CDEFDDCB4}.Debug|x86.Build.0 = Debug|Any CPU
		{4F977BD5-0E15-4871-A24E-E42CDEFDDCB4}.Release|Any CPU.ActiveCfg = Release|Any CPU
		{4F977BD5-0E15-4871-A24E-E42CDEFDDCB4}.Release|Any CPU.Build.0 = Release|Any CPU
		{4F977BD5-0E15-4871-A24E-E42CDEFDDCB4}.Release|x86.ActiveCfg = Release|Any CPU
		{4F977BD5-0E15-4871-A24E-E42CDEFDDCB4}.Release|x86.Build.0 = Release|Any CPU
		{9D2235D5-17C0-49F8-A3F8-FE3FBFA06564}.Debug|Any CPU.ActiveCfg = Debug|Any CPU
		{9D2235D5-17C0-49F8-A3F8-FE3FBFA06564}.Debug|Any CPU.Build.0 = Debug|Any CPU
		{9D2235D5-17C0-49F8-A3F8-FE3FBFA06564}.Debug|x86.ActiveCfg = Debug|Any CPU
		{9D2235D5-17C0-49F8-A3F8-FE3FBFA06564}.Debug|x86.Build.0 = Debug|Any CPU
		{9D2235D5-17C0-49F8-A3F8-FE3FBFA06564}.Release|Any CPU.ActiveCfg = Release|Any CPU
		{9D2235D5-17C0-49F8-A3F8-FE3FBFA06564}.Release|Any CPU.Build.0 = Release|Any CPU
		{9D2235D5-17C0-49F8-A3F8-FE3FBFA06564}.Release|x86.ActiveCfg = Release|Any CPU
		{9D2235D5-17C0-49F8-A3F8-FE3FBFA06564}.Release|x86.Build.0 = Release|Any CPU
		{1FFD7EF2-0F8E-41FF-89DF-8D884D80F510}.Debug|Any CPU.ActiveCfg = Debug|Any CPU
		{1FFD7EF2-0F8E-41FF-89DF-8D884D80F510}.Debug|Any CPU.Build.0 = Debug|Any CPU
		{1FFD7EF2-0F8E-41FF-89DF-8D884D80F510}.Debug|x86.ActiveCfg = Debug|Any CPU
		{1FFD7EF2-0F8E-41FF-89DF-8D884D80F510}.Debug|x86.Build.0 = Debug|Any CPU
		{1FFD7EF2-0F8E-41FF-89DF-8D884D80F510}.Release|Any CPU.ActiveCfg = Release|Any CPU
		{1FFD7EF2-0F8E-41FF-89DF-8D884D80F510}.Release|Any CPU.Build.0 = Release|Any CPU
		{1FFD7EF2-0F8E-41FF-89DF-8D884D80F510}.Release|x86.ActiveCfg = Release|Any CPU
		{1FFD7EF2-0F8E-41FF-89DF-8D884D80F510}.Release|x86.Build.0 = Release|Any CPU
		{AF84F8F6-7089-4B49-8176-2A35FAA928BC}.Debug|Any CPU.ActiveCfg = Debug|Any CPU
		{AF84F8F6-7089-4B49-8176-2A35FAA928BC}.Debug|Any CPU.Build.0 = Debug|Any CPU
		{AF84F8F6-7089-4B49-8176-2A35FAA928BC}.Debug|x86.ActiveCfg = Debug|Any CPU
		{AF84F8F6-7089-4B49-8176-2A35FAA928BC}.Debug|x86.Build.0 = Debug|Any CPU
		{AF84F8F6-7089-4B49-8176-2A35FAA928BC}.Release|Any CPU.ActiveCfg = Release|Any CPU
		{AF84F8F6-7089-4B49-8176-2A35FAA928BC}.Release|Any CPU.Build.0 = Release|Any CPU
		{AF84F8F6-7089-4B49-8176-2A35FAA928BC}.Release|x86.ActiveCfg = Release|Any CPU
		{AF84F8F6-7089-4B49-8176-2A35FAA928BC}.Release|x86.Build.0 = Release|Any CPU
		{BA085B1C-F2B7-46C5-9AF7-8A242E56D90F}.Debug|Any CPU.ActiveCfg = Debug|Any CPU
		{BA085B1C-F2B7-46C5-9AF7-8A242E56D90F}.Debug|Any CPU.Build.0 = Debug|Any CPU
		{BA085B1C-F2B7-46C5-9AF7-8A242E56D90F}.Debug|x86.ActiveCfg = Debug|Any CPU
		{BA085B1C-F2B7-46C5-9AF7-8A242E56D90F}.Debug|x86.Build.0 = Debug|Any CPU
		{BA085B1C-F2B7-46C5-9AF7-8A242E56D90F}.Release|Any CPU.ActiveCfg = Release|Any CPU
		{BA085B1C-F2B7-46C5-9AF7-8A242E56D90F}.Release|Any CPU.Build.0 = Release|Any CPU
		{BA085B1C-F2B7-46C5-9AF7-8A242E56D90F}.Release|x86.ActiveCfg = Release|Any CPU
		{BA085B1C-F2B7-46C5-9AF7-8A242E56D90F}.Release|x86.Build.0 = Release|Any CPU
		{6DC93A95-7B8E-4D2E-BFB7-E2D3BCE089C8}.Debug|Any CPU.ActiveCfg = Debug|Any CPU
		{6DC93A95-7B8E-4D2E-BFB7-E2D3BCE089C8}.Debug|Any CPU.Build.0 = Debug|Any CPU
		{6DC93A95-7B8E-4D2E-BFB7-E2D3BCE089C8}.Debug|x86.ActiveCfg = Debug|Any CPU
		{6DC93A95-7B8E-4D2E-BFB7-E2D3BCE089C8}.Debug|x86.Build.0 = Debug|Any CPU
		{6DC93A95-7B8E-4D2E-BFB7-E2D3BCE089C8}.Release|Any CPU.ActiveCfg = Release|Any CPU
		{6DC93A95-7B8E-4D2E-BFB7-E2D3BCE089C8}.Release|Any CPU.Build.0 = Release|Any CPU
		{6DC93A95-7B8E-4D2E-BFB7-E2D3BCE089C8}.Release|x86.ActiveCfg = Release|Any CPU
		{6DC93A95-7B8E-4D2E-BFB7-E2D3BCE089C8}.Release|x86.Build.0 = Release|Any CPU
		{E99066B4-F2FC-469D-B427-CA1793BB0B23}.Debug|Any CPU.ActiveCfg = Debug|Any CPU
		{E99066B4-F2FC-469D-B427-CA1793BB0B23}.Debug|Any CPU.Build.0 = Debug|Any CPU
		{E99066B4-F2FC-469D-B427-CA1793BB0B23}.Debug|x86.ActiveCfg = Debug|Any CPU
		{E99066B4-F2FC-469D-B427-CA1793BB0B23}.Debug|x86.Build.0 = Debug|Any CPU
		{E99066B4-F2FC-469D-B427-CA1793BB0B23}.Release|Any CPU.ActiveCfg = Release|Any CPU
		{E99066B4-F2FC-469D-B427-CA1793BB0B23}.Release|Any CPU.Build.0 = Release|Any CPU
		{E99066B4-F2FC-469D-B427-CA1793BB0B23}.Release|x86.ActiveCfg = Release|Any CPU
		{E99066B4-F2FC-469D-B427-CA1793BB0B23}.Release|x86.Build.0 = Release|Any CPU
		{F7099E4C-164F-4AAC-8D65-EB40B0F9143E}.Debug|Any CPU.ActiveCfg = Debug|Any CPU
		{F7099E4C-164F-4AAC-8D65-EB40B0F9143E}.Debug|Any CPU.Build.0 = Debug|Any CPU
		{F7099E4C-164F-4AAC-8D65-EB40B0F9143E}.Debug|x86.ActiveCfg = Debug|Any CPU
		{F7099E4C-164F-4AAC-8D65-EB40B0F9143E}.Debug|x86.Build.0 = Debug|Any CPU
		{F7099E4C-164F-4AAC-8D65-EB40B0F9143E}.Release|Any CPU.ActiveCfg = Release|Any CPU
		{F7099E4C-164F-4AAC-8D65-EB40B0F9143E}.Release|Any CPU.Build.0 = Release|Any CPU
		{F7099E4C-164F-4AAC-8D65-EB40B0F9143E}.Release|x86.ActiveCfg = Release|Any CPU
		{F7099E4C-164F-4AAC-8D65-EB40B0F9143E}.Release|x86.Build.0 = Release|Any CPU
		{4B60E359-F5BF-4DC6-B039-2D9842965BA6}.Debug|Any CPU.ActiveCfg = Debug|Any CPU
		{4B60E359-F5BF-4DC6-B039-2D9842965BA6}.Debug|Any CPU.Build.0 = Debug|Any CPU
		{4B60E359-F5BF-4DC6-B039-2D9842965BA6}.Debug|x86.ActiveCfg = Debug|Any CPU
		{4B60E359-F5BF-4DC6-B039-2D9842965BA6}.Debug|x86.Build.0 = Debug|Any CPU
		{4B60E359-F5BF-4DC6-B039-2D9842965BA6}.Release|Any CPU.ActiveCfg = Release|Any CPU
		{4B60E359-F5BF-4DC6-B039-2D9842965BA6}.Release|Any CPU.Build.0 = Release|Any CPU
		{4B60E359-F5BF-4DC6-B039-2D9842965BA6}.Release|x86.ActiveCfg = Release|Any CPU
		{4B60E359-F5BF-4DC6-B039-2D9842965BA6}.Release|x86.Build.0 = Release|Any CPU
		{6454A8DE-C1E8-4A34-86B0-89E364861BAC}.Debug|Any CPU.ActiveCfg = Debug|Any CPU
		{6454A8DE-C1E8-4A34-86B0-89E364861BAC}.Debug|Any CPU.Build.0 = Debug|Any CPU
		{6454A8DE-C1E8-4A34-86B0-89E364861BAC}.Debug|x86.ActiveCfg = Debug|Any CPU
		{6454A8DE-C1E8-4A34-86B0-89E364861BAC}.Debug|x86.Build.0 = Debug|Any CPU
		{6454A8DE-C1E8-4A34-86B0-89E364861BAC}.Release|Any CPU.ActiveCfg = Release|Any CPU
		{6454A8DE-C1E8-4A34-86B0-89E364861BAC}.Release|Any CPU.Build.0 = Release|Any CPU
		{6454A8DE-C1E8-4A34-86B0-89E364861BAC}.Release|x86.ActiveCfg = Release|Any CPU
		{6454A8DE-C1E8-4A34-86B0-89E364861BAC}.Release|x86.Build.0 = Release|Any CPU
		{CB2B6883-2461-4115-848C-DA79D20A3E0A}.Debug|Any CPU.ActiveCfg = Debug|Any CPU
		{CB2B6883-2461-4115-848C-DA79D20A3E0A}.Debug|Any CPU.Build.0 = Debug|Any CPU
		{CB2B6883-2461-4115-848C-DA79D20A3E0A}.Debug|x86.ActiveCfg = Debug|Any CPU
		{CB2B6883-2461-4115-848C-DA79D20A3E0A}.Debug|x86.Build.0 = Debug|Any CPU
		{CB2B6883-2461-4115-848C-DA79D20A3E0A}.Release|Any CPU.ActiveCfg = Release|Any CPU
		{CB2B6883-2461-4115-848C-DA79D20A3E0A}.Release|Any CPU.Build.0 = Release|Any CPU
		{CB2B6883-2461-4115-848C-DA79D20A3E0A}.Release|x86.ActiveCfg = Release|Any CPU
		{CB2B6883-2461-4115-848C-DA79D20A3E0A}.Release|x86.Build.0 = Release|Any CPU
		{A07358D6-3088-45D6-98E9-A1E17A95A8B3}.Debug|Any CPU.ActiveCfg = Debug|Any CPU
		{A07358D6-3088-45D6-98E9-A1E17A95A8B3}.Debug|Any CPU.Build.0 = Debug|Any CPU
		{A07358D6-3088-45D6-98E9-A1E17A95A8B3}.Debug|x86.ActiveCfg = Debug|Any CPU
		{A07358D6-3088-45D6-98E9-A1E17A95A8B3}.Debug|x86.Build.0 = Debug|Any CPU
		{A07358D6-3088-45D6-98E9-A1E17A95A8B3}.Release|Any CPU.ActiveCfg = Release|Any CPU
		{A07358D6-3088-45D6-98E9-A1E17A95A8B3}.Release|Any CPU.Build.0 = Release|Any CPU
		{A07358D6-3088-45D6-98E9-A1E17A95A8B3}.Release|x86.ActiveCfg = Release|Any CPU
		{A07358D6-3088-45D6-98E9-A1E17A95A8B3}.Release|x86.Build.0 = Release|Any CPU
		{8281421C-D572-4817-BBD2-796A8DB2B2E0}.Debug|Any CPU.ActiveCfg = Debug|Any CPU
		{8281421C-D572-4817-BBD2-796A8DB2B2E0}.Debug|Any CPU.Build.0 = Debug|Any CPU
		{8281421C-D572-4817-BBD2-796A8DB2B2E0}.Debug|x86.ActiveCfg = Debug|Any CPU
		{8281421C-D572-4817-BBD2-796A8DB2B2E0}.Debug|x86.Build.0 = Debug|Any CPU
		{8281421C-D572-4817-BBD2-796A8DB2B2E0}.Release|Any CPU.ActiveCfg = Release|Any CPU
		{8281421C-D572-4817-BBD2-796A8DB2B2E0}.Release|Any CPU.Build.0 = Release|Any CPU
		{8281421C-D572-4817-BBD2-796A8DB2B2E0}.Release|x86.ActiveCfg = Release|Any CPU
		{8281421C-D572-4817-BBD2-796A8DB2B2E0}.Release|x86.Build.0 = Release|Any CPU
		{C4BBAD1C-DE96-402E-961F-A0FE2A37E07D}.Debug|Any CPU.ActiveCfg = Debug|Any CPU
		{C4BBAD1C-DE96-402E-961F-A0FE2A37E07D}.Debug|Any CPU.Build.0 = Debug|Any CPU
		{C4BBAD1C-DE96-402E-961F-A0FE2A37E07D}.Debug|x86.ActiveCfg = Debug|Any CPU
		{C4BBAD1C-DE96-402E-961F-A0FE2A37E07D}.Debug|x86.Build.0 = Debug|Any CPU
		{C4BBAD1C-DE96-402E-961F-A0FE2A37E07D}.Release|Any CPU.ActiveCfg = Release|Any CPU
		{C4BBAD1C-DE96-402E-961F-A0FE2A37E07D}.Release|Any CPU.Build.0 = Release|Any CPU
		{C4BBAD1C-DE96-402E-961F-A0FE2A37E07D}.Release|x86.ActiveCfg = Release|Any CPU
		{C4BBAD1C-DE96-402E-961F-A0FE2A37E07D}.Release|x86.Build.0 = Release|Any CPU
		{348760C9-0276-4574-9BBD-EAE8F20E4AD3}.Debug|Any CPU.ActiveCfg = Debug|Any CPU
		{348760C9-0276-4574-9BBD-EAE8F20E4AD3}.Debug|Any CPU.Build.0 = Debug|Any CPU
		{348760C9-0276-4574-9BBD-EAE8F20E4AD3}.Debug|x86.ActiveCfg = Debug|Any CPU
		{348760C9-0276-4574-9BBD-EAE8F20E4AD3}.Debug|x86.Build.0 = Debug|Any CPU
		{348760C9-0276-4574-9BBD-EAE8F20E4AD3}.Release|Any CPU.ActiveCfg = Release|Any CPU
		{348760C9-0276-4574-9BBD-EAE8F20E4AD3}.Release|Any CPU.Build.0 = Release|Any CPU
		{348760C9-0276-4574-9BBD-EAE8F20E4AD3}.Release|x86.ActiveCfg = Release|Any CPU
		{348760C9-0276-4574-9BBD-EAE8F20E4AD3}.Release|x86.Build.0 = Release|Any CPU
		{40538134-161C-43F3-95E5-19F65D785E5F}.Debug|Any CPU.ActiveCfg = Debug|Any CPU
		{40538134-161C-43F3-95E5-19F65D785E5F}.Debug|Any CPU.Build.0 = Debug|Any CPU
		{40538134-161C-43F3-95E5-19F65D785E5F}.Debug|x86.ActiveCfg = Debug|Any CPU
		{40538134-161C-43F3-95E5-19F65D785E5F}.Debug|x86.Build.0 = Debug|Any CPU
		{40538134-161C-43F3-95E5-19F65D785E5F}.Release|Any CPU.ActiveCfg = Release|Any CPU
		{40538134-161C-43F3-95E5-19F65D785E5F}.Release|Any CPU.Build.0 = Release|Any CPU
		{40538134-161C-43F3-95E5-19F65D785E5F}.Release|x86.ActiveCfg = Release|Any CPU
		{40538134-161C-43F3-95E5-19F65D785E5F}.Release|x86.Build.0 = Release|Any CPU
		{AA0B1C80-97AE-49F5-8310-5A7683BE47BF}.Debug|Any CPU.ActiveCfg = Debug|Any CPU
		{AA0B1C80-97AE-49F5-8310-5A7683BE47BF}.Debug|Any CPU.Build.0 = Debug|Any CPU
		{AA0B1C80-97AE-49F5-8310-5A7683BE47BF}.Debug|x86.ActiveCfg = Debug|Any CPU
		{AA0B1C80-97AE-49F5-8310-5A7683BE47BF}.Debug|x86.Build.0 = Debug|Any CPU
		{AA0B1C80-97AE-49F5-8310-5A7683BE47BF}.Release|Any CPU.ActiveCfg = Release|Any CPU
		{AA0B1C80-97AE-49F5-8310-5A7683BE47BF}.Release|Any CPU.Build.0 = Release|Any CPU
		{AA0B1C80-97AE-49F5-8310-5A7683BE47BF}.Release|x86.ActiveCfg = Release|Any CPU
		{AA0B1C80-97AE-49F5-8310-5A7683BE47BF}.Release|x86.Build.0 = Release|Any CPU
		{36D8CEA4-99BE-47E1-9687-3D4271CEA1DD}.Debug|Any CPU.ActiveCfg = Debug|Any CPU
		{36D8CEA4-99BE-47E1-9687-3D4271CEA1DD}.Debug|Any CPU.Build.0 = Debug|Any CPU
		{36D8CEA4-99BE-47E1-9687-3D4271CEA1DD}.Debug|x86.ActiveCfg = Debug|Any CPU
		{36D8CEA4-99BE-47E1-9687-3D4271CEA1DD}.Debug|x86.Build.0 = Debug|Any CPU
		{36D8CEA4-99BE-47E1-9687-3D4271CEA1DD}.Release|Any CPU.ActiveCfg = Release|Any CPU
		{36D8CEA4-99BE-47E1-9687-3D4271CEA1DD}.Release|Any CPU.Build.0 = Release|Any CPU
		{36D8CEA4-99BE-47E1-9687-3D4271CEA1DD}.Release|x86.ActiveCfg = Release|Any CPU
		{36D8CEA4-99BE-47E1-9687-3D4271CEA1DD}.Release|x86.Build.0 = Release|Any CPU
		{DD59BD02-C78A-4BBB-A67C-CE3999692282}.Debug|Any CPU.ActiveCfg = Debug|Any CPU
		{DD59BD02-C78A-4BBB-A67C-CE3999692282}.Debug|Any CPU.Build.0 = Debug|Any CPU
		{DD59BD02-C78A-4BBB-A67C-CE3999692282}.Debug|x86.ActiveCfg = Debug|Any CPU
		{DD59BD02-C78A-4BBB-A67C-CE3999692282}.Debug|x86.Build.0 = Debug|Any CPU
		{DD59BD02-C78A-4BBB-A67C-CE3999692282}.Release|Any CPU.ActiveCfg = Release|Any CPU
		{DD59BD02-C78A-4BBB-A67C-CE3999692282}.Release|Any CPU.Build.0 = Release|Any CPU
		{DD59BD02-C78A-4BBB-A67C-CE3999692282}.Release|x86.ActiveCfg = Release|Any CPU
		{DD59BD02-C78A-4BBB-A67C-CE3999692282}.Release|x86.Build.0 = Release|Any CPU
		{6FBC8BF8-9DDF-4D25-8937-601A29ECA11B}.Debug|Any CPU.ActiveCfg = Debug|Any CPU
		{6FBC8BF8-9DDF-4D25-8937-601A29ECA11B}.Debug|Any CPU.Build.0 = Debug|Any CPU
		{6FBC8BF8-9DDF-4D25-8937-601A29ECA11B}.Debug|x86.ActiveCfg = Debug|Any CPU
		{6FBC8BF8-9DDF-4D25-8937-601A29ECA11B}.Debug|x86.Build.0 = Debug|Any CPU
		{6FBC8BF8-9DDF-4D25-8937-601A29ECA11B}.Release|Any CPU.ActiveCfg = Release|Any CPU
		{6FBC8BF8-9DDF-4D25-8937-601A29ECA11B}.Release|Any CPU.Build.0 = Release|Any CPU
		{6FBC8BF8-9DDF-4D25-8937-601A29ECA11B}.Release|x86.ActiveCfg = Release|Any CPU
		{6FBC8BF8-9DDF-4D25-8937-601A29ECA11B}.Release|x86.Build.0 = Release|Any CPU
		{C3AB121A-CCE6-4CE8-AD23-BA1ED7046E8D}.Debug|Any CPU.ActiveCfg = Debug|Any CPU
		{C3AB121A-CCE6-4CE8-AD23-BA1ED7046E8D}.Debug|Any CPU.Build.0 = Debug|Any CPU
		{C3AB121A-CCE6-4CE8-AD23-BA1ED7046E8D}.Debug|x86.ActiveCfg = Debug|Any CPU
		{C3AB121A-CCE6-4CE8-AD23-BA1ED7046E8D}.Debug|x86.Build.0 = Debug|Any CPU
		{C3AB121A-CCE6-4CE8-AD23-BA1ED7046E8D}.Release|Any CPU.ActiveCfg = Release|Any CPU
		{C3AB121A-CCE6-4CE8-AD23-BA1ED7046E8D}.Release|Any CPU.Build.0 = Release|Any CPU
		{C3AB121A-CCE6-4CE8-AD23-BA1ED7046E8D}.Release|x86.ActiveCfg = Release|Any CPU
		{C3AB121A-CCE6-4CE8-AD23-BA1ED7046E8D}.Release|x86.Build.0 = Release|Any CPU
		{5E3C80DC-00B7-40D3-93DE-C1F56E5673F5}.Debug|Any CPU.ActiveCfg = Debug|Any CPU
		{5E3C80DC-00B7-40D3-93DE-C1F56E5673F5}.Debug|Any CPU.Build.0 = Debug|Any CPU
		{5E3C80DC-00B7-40D3-93DE-C1F56E5673F5}.Debug|x86.ActiveCfg = Debug|Any CPU
		{5E3C80DC-00B7-40D3-93DE-C1F56E5673F5}.Debug|x86.Build.0 = Debug|Any CPU
		{5E3C80DC-00B7-40D3-93DE-C1F56E5673F5}.Release|Any CPU.ActiveCfg = Release|Any CPU
		{5E3C80DC-00B7-40D3-93DE-C1F56E5673F5}.Release|Any CPU.Build.0 = Release|Any CPU
		{5E3C80DC-00B7-40D3-93DE-C1F56E5673F5}.Release|x86.ActiveCfg = Release|Any CPU
		{5E3C80DC-00B7-40D3-93DE-C1F56E5673F5}.Release|x86.Build.0 = Release|Any CPU
		{406BE1DE-C4D3-4CDD-9E1A-AD425F81AB9F}.Debug|Any CPU.ActiveCfg = Debug|Any CPU
		{406BE1DE-C4D3-4CDD-9E1A-AD425F81AB9F}.Debug|Any CPU.Build.0 = Debug|Any CPU
		{406BE1DE-C4D3-4CDD-9E1A-AD425F81AB9F}.Debug|x86.ActiveCfg = Debug|Any CPU
		{406BE1DE-C4D3-4CDD-9E1A-AD425F81AB9F}.Debug|x86.Build.0 = Debug|Any CPU
		{406BE1DE-C4D3-4CDD-9E1A-AD425F81AB9F}.Release|Any CPU.ActiveCfg = Release|Any CPU
		{406BE1DE-C4D3-4CDD-9E1A-AD425F81AB9F}.Release|Any CPU.Build.0 = Release|Any CPU
		{406BE1DE-C4D3-4CDD-9E1A-AD425F81AB9F}.Release|x86.ActiveCfg = Release|Any CPU
		{406BE1DE-C4D3-4CDD-9E1A-AD425F81AB9F}.Release|x86.Build.0 = Release|Any CPU
		{D563A469-E386-42AF-A66E-99AC16B3C494}.Debug|Any CPU.ActiveCfg = Debug|Any CPU
		{D563A469-E386-42AF-A66E-99AC16B3C494}.Debug|Any CPU.Build.0 = Debug|Any CPU
		{D563A469-E386-42AF-A66E-99AC16B3C494}.Debug|x86.ActiveCfg = Debug|Any CPU
		{D563A469-E386-42AF-A66E-99AC16B3C494}.Release|Any CPU.ActiveCfg = Release|Any CPU
		{D563A469-E386-42AF-A66E-99AC16B3C494}.Release|Any CPU.Build.0 = Release|Any CPU
		{D563A469-E386-42AF-A66E-99AC16B3C494}.Release|x86.ActiveCfg = Release|Any CPU
		{D563A469-E386-42AF-A66E-99AC16B3C494}.Release|x86.Build.0 = Release|Any CPU
	EndGlobalSection
	GlobalSection(SolutionProperties) = preSolution
		HideSolutionNode = FALSE
	EndGlobalSection
	GlobalSection(NestedProjects) = preSolution
		{9D2235D5-17C0-49F8-A3F8-FE3FBFA06564} = {C5EF924B-9CE6-4C66-9E8A-1D1FA91E270C}
		{1FFD7EF2-0F8E-41FF-89DF-8D884D80F510} = {C5EF924B-9CE6-4C66-9E8A-1D1FA91E270C}
		{B4460341-8AA6-4D93-8166-92865623D86C} = {CBFFC0A9-9D77-443F-84FB-831A1C368EA0}
		{4F977BD5-0E15-4871-A24E-E42CDEFDDCB4} = {CBFFC0A9-9D77-443F-84FB-831A1C368EA0}
		{AF84F8F6-7089-4B49-8176-2A35FAA928BC} = {CBFFC0A9-9D77-443F-84FB-831A1C368EA0}
		{BA085B1C-F2B7-46C5-9AF7-8A242E56D90F} = {CBFFC0A9-9D77-443F-84FB-831A1C368EA0}
		{6DC93A95-7B8E-4D2E-BFB7-E2D3BCE089C8} = {CBFFC0A9-9D77-443F-84FB-831A1C368EA0}
		{E99066B4-F2FC-469D-B427-CA1793BB0B23} = {CBFFC0A9-9D77-443F-84FB-831A1C368EA0}
		{6454A8DE-C1E8-4A34-86B0-89E364861BAC} = {CBFFC0A9-9D77-443F-84FB-831A1C368EA0}
		{CB2B6883-2461-4115-848C-DA79D20A3E0A} = {CBFFC0A9-9D77-443F-84FB-831A1C368EA0}
		{0FB6602A-EF21-4A26-8A65-E1C9A01F206E} = {CBFFC0A9-9D77-443F-84FB-831A1C368EA0}
		{40538134-161C-43F3-95E5-19F65D785E5F} = {CBFFC0A9-9D77-443F-84FB-831A1C368EA0}
		{AA0B1C80-97AE-49F5-8310-5A7683BE47BF} = {CBFFC0A9-9D77-443F-84FB-831A1C368EA0}
		{36D8CEA4-99BE-47E1-9687-3D4271CEA1DD} = {CBFFC0A9-9D77-443F-84FB-831A1C368EA0}
		{6FBC8BF8-9DDF-4D25-8937-601A29ECA11B} = {CBFFC0A9-9D77-443F-84FB-831A1C368EA0}
		{C3AB121A-CCE6-4CE8-AD23-BA1ED7046E8D} = {CBFFC0A9-9D77-443F-84FB-831A1C368EA0}
		{5E3C80DC-00B7-40D3-93DE-C1F56E5673F5} = {CBFFC0A9-9D77-443F-84FB-831A1C368EA0}
		{406BE1DE-C4D3-4CDD-9E1A-AD425F81AB9F} = {CBFFC0A9-9D77-443F-84FB-831A1C368EA0}
		{D563A469-E386-42AF-A66E-99AC16B3C494} = {CBFFC0A9-9D77-443F-84FB-831A1C368EA0}
		{A07358D6-3088-45D6-98E9-A1E17A95A8B3} = {0FB6602A-EF21-4A26-8A65-E1C9A01F206E}
		{8281421C-D572-4817-BBD2-796A8DB2B2E0} = {0FB6602A-EF21-4A26-8A65-E1C9A01F206E}
		{348760C9-0276-4574-9BBD-EAE8F20E4AD3} = {0FB6602A-EF21-4A26-8A65-E1C9A01F206E}
		{C4BBAD1C-DE96-402E-961F-A0FE2A37E07D} = {CBBFE51F-1DDC-43CC-B78B-FDF51A1119F8}
	EndGlobalSection
EndGlobal
